// !$*UTF8*$!
{
	archiveVersion = 1;
	classes = {
	};
	objectVersion = 56;
	objects = {

/* Begin PBXBuildFile section */
		D593292828FFD4D300A1379F /* AppDelegate.swift in Sources */ = {isa = PBXBuildFile; fileRef = D593292728FFD4D300A1379F /* AppDelegate.swift */; };
		D593292A28FFD4D300A1379F /* SceneDelegate.swift in Sources */ = {isa = PBXBuildFile; fileRef = D593292928FFD4D300A1379F /* SceneDelegate.swift */; };
		D593292C28FFD4D300A1379F /* HomeViewController.swift in Sources */ = {isa = PBXBuildFile; fileRef = D593292B28FFD4D300A1379F /* HomeViewController.swift */; };
		D593292F28FFD4D300A1379F /* Home.storyboard in Resources */ = {isa = PBXBuildFile; fileRef = D593292D28FFD4D300A1379F /* Home.storyboard */; };
		D593293128FFD4D600A1379F /* Assets.xcassets in Resources */ = {isa = PBXBuildFile; fileRef = D593293028FFD4D600A1379F /* Assets.xcassets */; };
		D593293428FFD4D600A1379F /* LaunchScreen.storyboard in Resources */ = {isa = PBXBuildFile; fileRef = D593293228FFD4D600A1379F /* LaunchScreen.storyboard */; };
		D593294928FFD4D600A1379F /* NBK_Test_NewsUITests.swift in Sources */ = {isa = PBXBuildFile; fileRef = D593294828FFD4D600A1379F /* NBK_Test_NewsUITests.swift */; };
		D593294B28FFD4D600A1379F /* NBK_Test_NewsUITestsLaunchTests.swift in Sources */ = {isa = PBXBuildFile; fileRef = D593294A28FFD4D600A1379F /* NBK_Test_NewsUITestsLaunchTests.swift */; };
		D593295B28FFFF0C00A1379F /* NewsNetwork in Frameworks */ = {isa = PBXBuildFile; productRef = D593295A28FFFF0C00A1379F /* NewsNetwork */; };
		D59329642900168200A1379F /* ArticleListManager.swift in Sources */ = {isa = PBXBuildFile; fileRef = D59329632900168200A1379F /* ArticleListManager.swift */; };
		D59329682900186800A1379F /* NewsCell.swift in Sources */ = {isa = PBXBuildFile; fileRef = D59329672900186800A1379F /* NewsCell.swift */; };
		D593296A290018DE00A1379F /* NiblessTableViewCell.swift in Sources */ = {isa = PBXBuildFile; fileRef = D5932969290018DE00A1379F /* NiblessTableViewCell.swift */; };
		D593296C290019B100A1379F /* View+Layout.swift in Sources */ = {isa = PBXBuildFile; fileRef = D593296B290019B100A1379F /* View+Layout.swift */; };
		D593296E290019FF00A1379F /* List+Register.swift in Sources */ = {isa = PBXBuildFile; fileRef = D593296D290019FF00A1379F /* List+Register.swift */; };
		D593297029001A6700A1379F /* HomeViewModel.swift in Sources */ = {isa = PBXBuildFile; fileRef = D593296F29001A6700A1379F /* HomeViewModel.swift */; };
		D593297329001C3600A1379F /* Color+Addition.swift in Sources */ = {isa = PBXBuildFile; fileRef = D593297229001C3600A1379F /* Color+Addition.swift */; };
		D59329752900221900A1379F /* List+Deque.swift in Sources */ = {isa = PBXBuildFile; fileRef = D59329742900221900A1379F /* List+Deque.swift */; };
		D59329772900291500A1379F /* Colors.xcassets in Resources */ = {isa = PBXBuildFile; fileRef = D59329762900291500A1379F /* Colors.xcassets */; };
		D59329792900297A00A1379F /* ThemePaletteForUIColor.swift in Sources */ = {isa = PBXBuildFile; fileRef = D59329782900297A00A1379F /* ThemePaletteForUIColor.swift */; };
		D593297C290030AA00A1379F /* Nuke in Frameworks */ = {isa = PBXBuildFile; productRef = D593297B290030AA00A1379F /* Nuke */; };
		D593297E290030AA00A1379F /* NukeExtensions in Frameworks */ = {isa = PBXBuildFile; productRef = D593297D290030AA00A1379F /* NukeExtensions */; };
		D5932980290030AA00A1379F /* NukeUI in Frameworks */ = {isa = PBXBuildFile; productRef = D593297F290030AA00A1379F /* NukeUI */; };
		D5932985290169CC00A1379F /* DetailsView.swift in Sources */ = {isa = PBXBuildFile; fileRef = D5932984290169CC00A1379F /* DetailsView.swift */; };
		D593298729016CEF00A1379F /* ImageTaskManager.swift in Sources */ = {isa = PBXBuildFile; fileRef = D593298629016CEF00A1379F /* ImageTaskManager.swift */; };
		D5932989290175E000A1379F /* Article+Date.swift in Sources */ = {isa = PBXBuildFile; fileRef = D5932988290175E000A1379F /* Article+Date.swift */; };
		D593298B2901787500A1379F /* BottomSheetView.swift in Sources */ = {isa = PBXBuildFile; fileRef = D593298A2901787500A1379F /* BottomSheetView.swift */; };
		D5D2EC77290281BD0094D575 /* ActivityIndicator.swift in Sources */ = {isa = PBXBuildFile; fileRef = D5D2EC76290281BD0094D575 /* ActivityIndicator.swift */; };
		D5D2EC7E29029A8A0094D575 /* DetailsContentView.swift in Sources */ = {isa = PBXBuildFile; fileRef = D5D2EC7D29029A8A0094D575 /* DetailsContentView.swift */; };
		D5D2EC8029029AA50094D575 /* DetailsBackgroundImage.swift in Sources */ = {isa = PBXBuildFile; fileRef = D5D2EC7F29029AA40094D575 /* DetailsBackgroundImage.swift */; };
		D5D2EC822902B1100094D575 /* ArticleListManagerTests.swift in Sources */ = {isa = PBXBuildFile; fileRef = D5D2EC812902B1100094D575 /* ArticleListManagerTests.swift */; };
		D5D2EC852902B5E80094D575 /* MockURLProtocol.swift in Sources */ = {isa = PBXBuildFile; fileRef = D5D2EC842902B5E80094D575 /* MockURLProtocol.swift */; };
		D5D2EC882902C1CD0094D575 /* ArticleListHolder+Responder.swift in Sources */ = {isa = PBXBuildFile; fileRef = D5D2EC872902C1CD0094D575 /* ArticleListHolder+Responder.swift */; };
/* End PBXBuildFile section */

/* Begin PBXContainerItemProxy section */
		D593293B28FFD4D600A1379F /* PBXContainerItemProxy */ = {
			isa = PBXContainerItemProxy;
			containerPortal = D593291C28FFD4D300A1379F /* Project object */;
			proxyType = 1;
			remoteGlobalIDString = D593292328FFD4D300A1379F;
			remoteInfo = "NBK-Test-News";
		};
		D593294528FFD4D600A1379F /* PBXContainerItemProxy */ = {
			isa = PBXContainerItemProxy;
			containerPortal = D593291C28FFD4D300A1379F /* Project object */;
			proxyType = 1;
			remoteGlobalIDString = D593292328FFD4D300A1379F;
			remoteInfo = "NBK-Test-News";
		};
/* End PBXContainerItemProxy section */

/* Begin PBXFileReference section */
		D593292428FFD4D300A1379F /* NBK-Test-News.app */ = {isa = PBXFileReference; explicitFileType = wrapper.application; includeInIndex = 0; path = "NBK-Test-News.app"; sourceTree = BUILT_PRODUCTS_DIR; };
		D593292728FFD4D300A1379F /* AppDelegate.swift */ = {isa = PBXFileReference; lastKnownFileType = sourcecode.swift; path = AppDelegate.swift; sourceTree = "<group>"; };
		D593292928FFD4D300A1379F /* SceneDelegate.swift */ = {isa = PBXFileReference; lastKnownFileType = sourcecode.swift; path = SceneDelegate.swift; sourceTree = "<group>"; };
		D593292B28FFD4D300A1379F /* HomeViewController.swift */ = {isa = PBXFileReference; lastKnownFileType = sourcecode.swift; path = HomeViewController.swift; sourceTree = "<group>"; };
		D593292E28FFD4D300A1379F /* Base */ = {isa = PBXFileReference; lastKnownFileType = file.storyboard; name = Base; path = Base.lproj/Home.storyboard; sourceTree = "<group>"; };
		D593293028FFD4D600A1379F /* Assets.xcassets */ = {isa = PBXFileReference; lastKnownFileType = folder.assetcatalog; path = Assets.xcassets; sourceTree = "<group>"; };
		D593293328FFD4D600A1379F /* Base */ = {isa = PBXFileReference; lastKnownFileType = file.storyboard; name = Base; path = Base.lproj/LaunchScreen.storyboard; sourceTree = "<group>"; };
		D593293528FFD4D600A1379F /* Info.plist */ = {isa = PBXFileReference; lastKnownFileType = text.plist.xml; path = Info.plist; sourceTree = "<group>"; };
		D593293A28FFD4D600A1379F /* NBK-Test-NewsTests.xctest */ = {isa = PBXFileReference; explicitFileType = wrapper.cfbundle; includeInIndex = 0; path = "NBK-Test-NewsTests.xctest"; sourceTree = BUILT_PRODUCTS_DIR; };
		D593294428FFD4D600A1379F /* NBK-Test-NewsUITests.xctest */ = {isa = PBXFileReference; explicitFileType = wrapper.cfbundle; includeInIndex = 0; path = "NBK-Test-NewsUITests.xctest"; sourceTree = BUILT_PRODUCTS_DIR; };
		D593294828FFD4D600A1379F /* NBK_Test_NewsUITests.swift */ = {isa = PBXFileReference; lastKnownFileType = sourcecode.swift; path = NBK_Test_NewsUITests.swift; sourceTree = "<group>"; };
		D593294A28FFD4D600A1379F /* NBK_Test_NewsUITestsLaunchTests.swift */ = {isa = PBXFileReference; lastKnownFileType = sourcecode.swift; path = NBK_Test_NewsUITestsLaunchTests.swift; sourceTree = "<group>"; };
		D593295828FFFEB500A1379F /* NewsNetwork */ = {isa = PBXFileReference; lastKnownFileType = wrapper; name = NewsNetwork; path = ../Packages/NewsNetwork; sourceTree = "<group>"; };
		D59329632900168200A1379F /* ArticleListManager.swift */ = {isa = PBXFileReference; lastKnownFileType = sourcecode.swift; path = ArticleListManager.swift; sourceTree = "<group>"; };
		D59329672900186800A1379F /* NewsCell.swift */ = {isa = PBXFileReference; lastKnownFileType = sourcecode.swift; path = NewsCell.swift; sourceTree = "<group>"; };
		D5932969290018DE00A1379F /* NiblessTableViewCell.swift */ = {isa = PBXFileReference; lastKnownFileType = sourcecode.swift; path = NiblessTableViewCell.swift; sourceTree = "<group>"; };
		D593296B290019B100A1379F /* View+Layout.swift */ = {isa = PBXFileReference; lastKnownFileType = sourcecode.swift; path = "View+Layout.swift"; sourceTree = "<group>"; };
		D593296D290019FF00A1379F /* List+Register.swift */ = {isa = PBXFileReference; lastKnownFileType = sourcecode.swift; path = "List+Register.swift"; sourceTree = "<group>"; };
		D593296F29001A6700A1379F /* HomeViewModel.swift */ = {isa = PBXFileReference; lastKnownFileType = sourcecode.swift; path = HomeViewModel.swift; sourceTree = "<group>"; };
		D593297229001C3600A1379F /* Color+Addition.swift */ = {isa = PBXFileReference; lastKnownFileType = sourcecode.swift; path = "Color+Addition.swift"; sourceTree = "<group>"; };
		D59329742900221900A1379F /* List+Deque.swift */ = {isa = PBXFileReference; lastKnownFileType = sourcecode.swift; path = "List+Deque.swift"; sourceTree = "<group>"; };
		D59329762900291500A1379F /* Colors.xcassets */ = {isa = PBXFileReference; lastKnownFileType = folder.assetcatalog; path = Colors.xcassets; sourceTree = "<group>"; };
		D59329782900297A00A1379F /* ThemePaletteForUIColor.swift */ = {isa = PBXFileReference; lastKnownFileType = sourcecode.swift; path = ThemePaletteForUIColor.swift; sourceTree = "<group>"; };
		D5932984290169CC00A1379F /* DetailsView.swift */ = {isa = PBXFileReference; lastKnownFileType = sourcecode.swift; path = DetailsView.swift; sourceTree = "<group>"; };
		D593298629016CEF00A1379F /* ImageTaskManager.swift */ = {isa = PBXFileReference; lastKnownFileType = sourcecode.swift; path = ImageTaskManager.swift; sourceTree = "<group>"; };
		D5932988290175E000A1379F /* Article+Date.swift */ = {isa = PBXFileReference; lastKnownFileType = sourcecode.swift; path = "Article+Date.swift"; sourceTree = "<group>"; };
		D593298A2901787500A1379F /* BottomSheetView.swift */ = {isa = PBXFileReference; lastKnownFileType = sourcecode.swift; path = BottomSheetView.swift; sourceTree = "<group>"; };
		D5D2EC76290281BD0094D575 /* ActivityIndicator.swift */ = {isa = PBXFileReference; lastKnownFileType = sourcecode.swift; path = ActivityIndicator.swift; sourceTree = "<group>"; };
		D5D2EC7D29029A8A0094D575 /* DetailsContentView.swift */ = {isa = PBXFileReference; lastKnownFileType = sourcecode.swift; path = DetailsContentView.swift; sourceTree = "<group>"; };
		D5D2EC7F29029AA40094D575 /* DetailsBackgroundImage.swift */ = {isa = PBXFileReference; lastKnownFileType = sourcecode.swift; path = DetailsBackgroundImage.swift; sourceTree = "<group>"; };
		D5D2EC812902B1100094D575 /* ArticleListManagerTests.swift */ = {isa = PBXFileReference; lastKnownFileType = sourcecode.swift; path = ArticleListManagerTests.swift; sourceTree = "<group>"; };
		D5D2EC842902B5E80094D575 /* MockURLProtocol.swift */ = {isa = PBXFileReference; lastKnownFileType = sourcecode.swift; path = MockURLProtocol.swift; sourceTree = "<group>"; };
		D5D2EC872902C1CD0094D575 /* ArticleListHolder+Responder.swift */ = {isa = PBXFileReference; lastKnownFileType = sourcecode.swift; path = "ArticleListHolder+Responder.swift"; sourceTree = "<group>"; };
/* End PBXFileReference section */

/* Begin PBXFrameworksBuildPhase section */
		D593292128FFD4D300A1379F /* Frameworks */ = {
			isa = PBXFrameworksBuildPhase;
			buildActionMask = 2147483647;
			files = (
				D593295B28FFFF0C00A1379F /* NewsNetwork in Frameworks */,
				D593297C290030AA00A1379F /* Nuke in Frameworks */,
				D593297E290030AA00A1379F /* NukeExtensions in Frameworks */,
				D5932980290030AA00A1379F /* NukeUI in Frameworks */,
			);
			runOnlyForDeploymentPostprocessing = 0;
		};
		D593293728FFD4D600A1379F /* Frameworks */ = {
			isa = PBXFrameworksBuildPhase;
			buildActionMask = 2147483647;
			files = (
			);
			runOnlyForDeploymentPostprocessing = 0;
		};
		D593294128FFD4D600A1379F /* Frameworks */ = {
			isa = PBXFrameworksBuildPhase;
			buildActionMask = 2147483647;
			files = (
			);
			runOnlyForDeploymentPostprocessing = 0;
		};
/* End PBXFrameworksBuildPhase section */

/* Begin PBXGroup section */
		D593291B28FFD4D300A1379F = {
			isa = PBXGroup;
			children = (
				D593295728FFFEB500A1379F /* Packages */,
				D593292628FFD4D300A1379F /* NBK-Test-News */,
				D593293D28FFD4D600A1379F /* NBK-Test-NewsTests */,
				D593294728FFD4D600A1379F /* NBK-Test-NewsUITests */,
				D593292528FFD4D300A1379F /* Products */,
				D593295928FFFF0C00A1379F /* Frameworks */,
			);
			sourceTree = "<group>";
		};
		D593292528FFD4D300A1379F /* Products */ = {
			isa = PBXGroup;
			children = (
				D593292428FFD4D300A1379F /* NBK-Test-News.app */,
				D593293A28FFD4D600A1379F /* NBK-Test-NewsTests.xctest */,
				D593294428FFD4D600A1379F /* NBK-Test-NewsUITests.xctest */,
			);
			name = Products;
			sourceTree = "<group>";
		};
		D593292628FFD4D300A1379F /* NBK-Test-News */ = {
			isa = PBXGroup;
			children = (
				D593297129001C2200A1379F /* Core */,
				D59329652900184700A1379F /* View */,
				D593295E290009E100A1379F /* Models */,
				D5D2EC7A290282640094D575 /* Manager */,
				D593295C290009D900A1379F /* Modules */,
				D593295D290009DC00A1379F /* Extensions */,
				D593296129000A0D00A1379F /* Resource */,
				D593293528FFD4D600A1379F /* Info.plist */,
			);
			path = "NBK-Test-News";
			sourceTree = "<group>";
		};
		D593293D28FFD4D600A1379F /* NBK-Test-NewsTests */ = {
			isa = PBXGroup;
			children = (
				D5D2EC862902C1BC0094D575 /* Extensions */,
				D5D2EC832902B5D70094D575 /* Mocks */,
				D5D2EC812902B1100094D575 /* ArticleListManagerTests.swift */,
			);
			path = "NBK-Test-NewsTests";
			sourceTree = "<group>";
		};
		D593294728FFD4D600A1379F /* NBK-Test-NewsUITests */ = {
			isa = PBXGroup;
			children = (
				D593294828FFD4D600A1379F /* NBK_Test_NewsUITests.swift */,
				D593294A28FFD4D600A1379F /* NBK_Test_NewsUITestsLaunchTests.swift */,
			);
			path = "NBK-Test-NewsUITests";
			sourceTree = "<group>";
		};
		D593295728FFFEB500A1379F /* Packages */ = {
			isa = PBXGroup;
			children = (
				D593295828FFFEB500A1379F /* NewsNetwork */,
			);
			name = Packages;
			sourceTree = "<group>";
		};
		D593295928FFFF0C00A1379F /* Frameworks */ = {
			isa = PBXGroup;
			children = (
			);
			name = Frameworks;
			sourceTree = "<group>";
		};
		D593295C290009D900A1379F /* Modules */ = {
			isa = PBXGroup;
			children = (
				D593295F290009E700A1379F /* Delegate */,
				D593296229000A1E00A1379F /* Launch */,
				D593296029000A0300A1379F /* Home */,
				D5932981290169AD00A1379F /* Details */,
			);
			path = Modules;
			sourceTree = "<group>";
		};
		D593295D290009DC00A1379F /* Extensions */ = {
			isa = PBXGroup;
			children = (
				D593296B290019B100A1379F /* View+Layout.swift */,
				D593296D290019FF00A1379F /* List+Register.swift */,
				D59329742900221900A1379F /* List+Deque.swift */,
				D5932988290175E000A1379F /* Article+Date.swift */,
			);
			path = Extensions;
			sourceTree = "<group>";
		};
		D593295E290009E100A1379F /* Models */ = {
			isa = PBXGroup;
			children = (
				D593298629016CEF00A1379F /* ImageTaskManager.swift */,
			);
			path = Models;
			sourceTree = "<group>";
		};
		D593295F290009E700A1379F /* Delegate */ = {
			isa = PBXGroup;
			children = (
				D593292728FFD4D300A1379F /* AppDelegate.swift */,
				D593292928FFD4D300A1379F /* SceneDelegate.swift */,
			);
			path = Delegate;
			sourceTree = "<group>";
		};
		D593296029000A0300A1379F /* Home */ = {
			isa = PBXGroup;
			children = (
				D593292D28FFD4D300A1379F /* Home.storyboard */,
				D593292B28FFD4D300A1379F /* HomeViewController.swift */,
				D593296F29001A6700A1379F /* HomeViewModel.swift */,
			);
			path = Home;
			sourceTree = "<group>";
		};
		D593296129000A0D00A1379F /* Resource */ = {
			isa = PBXGroup;
			children = (
				D593293028FFD4D600A1379F /* Assets.xcassets */,
				D59329762900291500A1379F /* Colors.xcassets */,
			);
			path = Resource;
			sourceTree = "<group>";
		};
		D593296229000A1E00A1379F /* Launch */ = {
			isa = PBXGroup;
			children = (
				D593293228FFD4D600A1379F /* LaunchScreen.storyboard */,
			);
			path = Launch;
			sourceTree = "<group>";
		};
		D59329652900184700A1379F /* View */ = {
			isa = PBXGroup;
			children = (
				D59329662900184D00A1379F /* Cell */,
				D593298A2901787500A1379F /* BottomSheetView.swift */,
				D5D2EC76290281BD0094D575 /* ActivityIndicator.swift */,
				D5D2EC7D29029A8A0094D575 /* DetailsContentView.swift */,
				D5D2EC7F29029AA40094D575 /* DetailsBackgroundImage.swift */,
			);
			path = View;
			sourceTree = "<group>";
		};
		D59329662900184D00A1379F /* Cell */ = {
			isa = PBXGroup;
			children = (
				D5932969290018DE00A1379F /* NiblessTableViewCell.swift */,
				D59329672900186800A1379F /* NewsCell.swift */,
			);
			path = Cell;
			sourceTree = "<group>";
		};
		D593297129001C2200A1379F /* Core */ = {
			isa = PBXGroup;
			children = (
				D593297229001C3600A1379F /* Color+Addition.swift */,
				D59329782900297A00A1379F /* ThemePaletteForUIColor.swift */,
			);
			path = Core;
			sourceTree = "<group>";
		};
		D5932981290169AD00A1379F /* Details */ = {
			isa = PBXGroup;
			children = (
				D5932984290169CC00A1379F /* DetailsView.swift */,
			);
			path = Details;
			sourceTree = "<group>";
		};
		D5D2EC7A290282640094D575 /* Manager */ = {
			isa = PBXGroup;
			children = (
				D59329632900168200A1379F /* ArticleListManager.swift */,
			);
			path = Manager;
			sourceTree = "<group>";
		};
		D5D2EC832902B5D70094D575 /* Mocks */ = {
			isa = PBXGroup;
			children = (
				D5D2EC842902B5E80094D575 /* MockURLProtocol.swift */,
			);
			path = Mocks;
			sourceTree = "<group>";
		};
		D5D2EC862902C1BC0094D575 /* Extensions */ = {
			isa = PBXGroup;
			children = (
				D5D2EC872902C1CD0094D575 /* ArticleListHolder+Responder.swift */,
			);
			path = Extensions;
			sourceTree = "<group>";
		};
/* End PBXGroup section */

/* Begin PBXNativeTarget section */
		D593292328FFD4D300A1379F /* NBK-Test-News */ = {
			isa = PBXNativeTarget;
			buildConfigurationList = D593294E28FFD4D600A1379F /* Build configuration list for PBXNativeTarget "NBK-Test-News" */;
			buildPhases = (
				D593292028FFD4D300A1379F /* Sources */,
				D593292128FFD4D300A1379F /* Frameworks */,
				D593292228FFD4D300A1379F /* Resources */,
			);
			buildRules = (
			);
			dependencies = (
			);
			name = "NBK-Test-News";
			packageProductDependencies = (
				D593295A28FFFF0C00A1379F /* NewsNetwork */,
				D593297B290030AA00A1379F /* Nuke */,
				D593297D290030AA00A1379F /* NukeExtensions */,
				D593297F290030AA00A1379F /* NukeUI */,
			);
			productName = "NBK-Test-News";
			productReference = D593292428FFD4D300A1379F /* NBK-Test-News.app */;
			productType = "com.apple.product-type.application";
		};
		D593293928FFD4D600A1379F /* NBK-Test-NewsTests */ = {
			isa = PBXNativeTarget;
			buildConfigurationList = D593295128FFD4D600A1379F /* Build configuration list for PBXNativeTarget "NBK-Test-NewsTests" */;
			buildPhases = (
				D593293628FFD4D600A1379F /* Sources */,
				D593293728FFD4D600A1379F /* Frameworks */,
				D593293828FFD4D600A1379F /* Resources */,
			);
			buildRules = (
			);
			dependencies = (
				D593293C28FFD4D600A1379F /* PBXTargetDependency */,
			);
			name = "NBK-Test-NewsTests";
			productName = "NBK-Test-NewsTests";
			productReference = D593293A28FFD4D600A1379F /* NBK-Test-NewsTests.xctest */;
			productType = "com.apple.product-type.bundle.unit-test";
		};
		D593294328FFD4D600A1379F /* NBK-Test-NewsUITests */ = {
			isa = PBXNativeTarget;
			buildConfigurationList = D593295428FFD4D600A1379F /* Build configuration list for PBXNativeTarget "NBK-Test-NewsUITests" */;
			buildPhases = (
				D593294028FFD4D600A1379F /* Sources */,
				D593294128FFD4D600A1379F /* Frameworks */,
				D593294228FFD4D600A1379F /* Resources */,
			);
			buildRules = (
			);
			dependencies = (
				D593294628FFD4D600A1379F /* PBXTargetDependency */,
			);
			name = "NBK-Test-NewsUITests";
			productName = "NBK-Test-NewsUITests";
			productReference = D593294428FFD4D600A1379F /* NBK-Test-NewsUITests.xctest */;
			productType = "com.apple.product-type.bundle.ui-testing";
		};
/* End PBXNativeTarget section */

/* Begin PBXProject section */
		D593291C28FFD4D300A1379F /* Project object */ = {
			isa = PBXProject;
			attributes = {
				BuildIndependentTargetsInParallel = 1;
				LastSwiftUpdateCheck = 1400;
				LastUpgradeCheck = 1400;
				TargetAttributes = {
					D593292328FFD4D300A1379F = {
						CreatedOnToolsVersion = 14.0.1;
					};
					D593293928FFD4D600A1379F = {
						CreatedOnToolsVersion = 14.0.1;
						TestTargetID = D593292328FFD4D300A1379F;
					};
					D593294328FFD4D600A1379F = {
						CreatedOnToolsVersion = 14.0.1;
						TestTargetID = D593292328FFD4D300A1379F;
					};
				};
			};
			buildConfigurationList = D593291F28FFD4D300A1379F /* Build configuration list for PBXProject "NBK-Test-News" */;
			compatibilityVersion = "Xcode 14.0";
			developmentRegion = en;
			hasScannedForEncodings = 0;
			knownRegions = (
				en,
				Base,
			);
			mainGroup = D593291B28FFD4D300A1379F;
			packageReferences = (
				D593297A290030AA00A1379F /* XCRemoteSwiftPackageReference "Nuke" */,
			);
			productRefGroup = D593292528FFD4D300A1379F /* Products */;
			projectDirPath = "";
			projectRoot = "";
			targets = (
				D593292328FFD4D300A1379F /* NBK-Test-News */,
				D593293928FFD4D600A1379F /* NBK-Test-NewsTests */,
				D593294328FFD4D600A1379F /* NBK-Test-NewsUITests */,
			);
		};
/* End PBXProject section */

/* Begin PBXResourcesBuildPhase section */
		D593292228FFD4D300A1379F /* Resources */ = {
			isa = PBXResourcesBuildPhase;
			buildActionMask = 2147483647;
			files = (
				D593293428FFD4D600A1379F /* LaunchScreen.storyboard in Resources */,
				D59329772900291500A1379F /* Colors.xcassets in Resources */,
				D593293128FFD4D600A1379F /* Assets.xcassets in Resources */,
				D593292F28FFD4D300A1379F /* Home.storyboard in Resources */,
			);
			runOnlyForDeploymentPostprocessing = 0;
		};
		D593293828FFD4D600A1379F /* Resources */ = {
			isa = PBXResourcesBuildPhase;
			buildActionMask = 2147483647;
			files = (
			);
			runOnlyForDeploymentPostprocessing = 0;
		};
		D593294228FFD4D600A1379F /* Resources */ = {
			isa = PBXResourcesBuildPhase;
			buildActionMask = 2147483647;
			files = (
			);
			runOnlyForDeploymentPostprocessing = 0;
		};
/* End PBXResourcesBuildPhase section */

/* Begin PBXSourcesBuildPhase section */
		D593292028FFD4D300A1379F /* Sources */ = {
			isa = PBXSourcesBuildPhase;
			buildActionMask = 2147483647;
			files = (
				D5D2EC8029029AA50094D575 /* DetailsBackgroundImage.swift in Sources */,
				D593298729016CEF00A1379F /* ImageTaskManager.swift in Sources */,
				D59329752900221900A1379F /* List+Deque.swift in Sources */,
				D59329642900168200A1379F /* ArticleListManager.swift in Sources */,
				D593297029001A6700A1379F /* HomeViewModel.swift in Sources */,
				D593292C28FFD4D300A1379F /* HomeViewController.swift in Sources */,
				D593296E290019FF00A1379F /* List+Register.swift in Sources */,
				D593292828FFD4D300A1379F /* AppDelegate.swift in Sources */,
				D5932989290175E000A1379F /* Article+Date.swift in Sources */,
				D5932985290169CC00A1379F /* DetailsView.swift in Sources */,
				D5D2EC7E29029A8A0094D575 /* DetailsContentView.swift in Sources */,
				D593298B2901787500A1379F /* BottomSheetView.swift in Sources */,
				D593296C290019B100A1379F /* View+Layout.swift in Sources */,
				D59329792900297A00A1379F /* ThemePaletteForUIColor.swift in Sources */,
				D593292A28FFD4D300A1379F /* SceneDelegate.swift in Sources */,
				D593296A290018DE00A1379F /* NiblessTableViewCell.swift in Sources */,
				D59329682900186800A1379F /* NewsCell.swift in Sources */,
				D593297329001C3600A1379F /* Color+Addition.swift in Sources */,
				D5D2EC77290281BD0094D575 /* ActivityIndicator.swift in Sources */,
			);
			runOnlyForDeploymentPostprocessing = 0;
		};
		D593293628FFD4D600A1379F /* Sources */ = {
			isa = PBXSourcesBuildPhase;
			buildActionMask = 2147483647;
			files = (
				D5D2EC882902C1CD0094D575 /* ArticleListHolder+Responder.swift in Sources */,
				D5D2EC852902B5E80094D575 /* MockURLProtocol.swift in Sources */,
				D5D2EC822902B1100094D575 /* ArticleListManagerTests.swift in Sources */,
			);
			runOnlyForDeploymentPostprocessing = 0;
		};
		D593294028FFD4D600A1379F /* Sources */ = {
			isa = PBXSourcesBuildPhase;
			buildActionMask = 2147483647;
			files = (
				D593294928FFD4D600A1379F /* NBK_Test_NewsUITests.swift in Sources */,
				D593294B28FFD4D600A1379F /* NBK_Test_NewsUITestsLaunchTests.swift in Sources */,
			);
			runOnlyForDeploymentPostprocessing = 0;
		};
/* End PBXSourcesBuildPhase section */

/* Begin PBXTargetDependency section */
		D593293C28FFD4D600A1379F /* PBXTargetDependency */ = {
			isa = PBXTargetDependency;
			target = D593292328FFD4D300A1379F /* NBK-Test-News */;
			targetProxy = D593293B28FFD4D600A1379F /* PBXContainerItemProxy */;
		};
		D593294628FFD4D600A1379F /* PBXTargetDependency */ = {
			isa = PBXTargetDependency;
			target = D593292328FFD4D300A1379F /* NBK-Test-News */;
			targetProxy = D593294528FFD4D600A1379F /* PBXContainerItemProxy */;
		};
/* End PBXTargetDependency section */

/* Begin PBXVariantGroup section */
		D593292D28FFD4D300A1379F /* Home.storyboard */ = {
			isa = PBXVariantGroup;
			children = (
				D593292E28FFD4D300A1379F /* Base */,
			);
			name = Home.storyboard;
			sourceTree = "<group>";
		};
		D593293228FFD4D600A1379F /* LaunchScreen.storyboard */ = {
			isa = PBXVariantGroup;
			children = (
				D593293328FFD4D600A1379F /* Base */,
			);
			name = LaunchScreen.storyboard;
			sourceTree = "<group>";
		};
/* End PBXVariantGroup section */

/* Begin XCBuildConfiguration section */
		D593294C28FFD4D600A1379F /* Debug */ = {
			isa = XCBuildConfiguration;
			buildSettings = {
				ALWAYS_SEARCH_USER_PATHS = NO;
				CLANG_ANALYZER_NONNULL = YES;
				CLANG_ANALYZER_NUMBER_OBJECT_CONVERSION = YES_AGGRESSIVE;
				CLANG_CXX_LANGUAGE_STANDARD = "gnu++20";
				CLANG_ENABLE_MODULES = YES;
				CLANG_ENABLE_OBJC_ARC = YES;
				CLANG_ENABLE_OBJC_WEAK = YES;
				CLANG_WARN_BLOCK_CAPTURE_AUTORELEASING = YES;
				CLANG_WARN_BOOL_CONVERSION = YES;
				CLANG_WARN_COMMA = YES;
				CLANG_WARN_CONSTANT_CONVERSION = YES;
				CLANG_WARN_DEPRECATED_OBJC_IMPLEMENTATIONS = YES;
				CLANG_WARN_DIRECT_OBJC_ISA_USAGE = YES_ERROR;
				CLANG_WARN_DOCUMENTATION_COMMENTS = YES;
				CLANG_WARN_EMPTY_BODY = YES;
				CLANG_WARN_ENUM_CONVERSION = YES;
				CLANG_WARN_INFINITE_RECURSION = YES;
				CLANG_WARN_INT_CONVERSION = YES;
				CLANG_WARN_NON_LITERAL_NULL_CONVERSION = YES;
				CLANG_WARN_OBJC_IMPLICIT_RETAIN_SELF = YES;
				CLANG_WARN_OBJC_LITERAL_CONVERSION = YES;
				CLANG_WARN_OBJC_ROOT_CLASS = YES_ERROR;
				CLANG_WARN_QUOTED_INCLUDE_IN_FRAMEWORK_HEADER = YES;
				CLANG_WARN_RANGE_LOOP_ANALYSIS = YES;
				CLANG_WARN_STRICT_PROTOTYPES = YES;
				CLANG_WARN_SUSPICIOUS_MOVE = YES;
				CLANG_WARN_UNGUARDED_AVAILABILITY = YES_AGGRESSIVE;
				CLANG_WARN_UNREACHABLE_CODE = YES;
				CLANG_WARN__DUPLICATE_METHOD_MATCH = YES;
				COPY_PHASE_STRIP = NO;
				DEBUG_INFORMATION_FORMAT = dwarf;
				ENABLE_STRICT_OBJC_MSGSEND = YES;
				ENABLE_TESTABILITY = YES;
				GCC_C_LANGUAGE_STANDARD = gnu11;
				GCC_DYNAMIC_NO_PIC = NO;
				GCC_NO_COMMON_BLOCKS = YES;
				GCC_OPTIMIZATION_LEVEL = 0;
				GCC_PREPROCESSOR_DEFINITIONS = (
					"DEBUG=1",
					"$(inherited)",
				);
				GCC_WARN_64_TO_32_BIT_CONVERSION = YES;
				GCC_WARN_ABOUT_RETURN_TYPE = YES_ERROR;
				GCC_WARN_UNDECLARED_SELECTOR = YES;
				GCC_WARN_UNINITIALIZED_AUTOS = YES_AGGRESSIVE;
				GCC_WARN_UNUSED_FUNCTION = YES;
				GCC_WARN_UNUSED_VARIABLE = YES;
				IPHONEOS_DEPLOYMENT_TARGET = 13.0;
				MTL_ENABLE_DEBUG_INFO = INCLUDE_SOURCE;
				MTL_FAST_MATH = YES;
				ONLY_ACTIVE_ARCH = YES;
				SDKROOT = iphoneos;
				SWIFT_ACTIVE_COMPILATION_CONDITIONS = DEBUG;
				SWIFT_OPTIMIZATION_LEVEL = "-Onone";
			};
			name = Debug;
		};
		D593294D28FFD4D600A1379F /* Release */ = {
			isa = XCBuildConfiguration;
			buildSettings = {
				ALWAYS_SEARCH_USER_PATHS = NO;
				CLANG_ANALYZER_NONNULL = YES;
				CLANG_ANALYZER_NUMBER_OBJECT_CONVERSION = YES_AGGRESSIVE;
				CLANG_CXX_LANGUAGE_STANDARD = "gnu++20";
				CLANG_ENABLE_MODULES = YES;
				CLANG_ENABLE_OBJC_ARC = YES;
				CLANG_ENABLE_OBJC_WEAK = YES;
				CLANG_WARN_BLOCK_CAPTURE_AUTORELEASING = YES;
				CLANG_WARN_BOOL_CONVERSION = YES;
				CLANG_WARN_COMMA = YES;
				CLANG_WARN_CONSTANT_CONVERSION = YES;
				CLANG_WARN_DEPRECATED_OBJC_IMPLEMENTATIONS = YES;
				CLANG_WARN_DIRECT_OBJC_ISA_USAGE = YES_ERROR;
				CLANG_WARN_DOCUMENTATION_COMMENTS = YES;
				CLANG_WARN_EMPTY_BODY = YES;
				CLANG_WARN_ENUM_CONVERSION = YES;
				CLANG_WARN_INFINITE_RECURSION = YES;
				CLANG_WARN_INT_CONVERSION = YES;
				CLANG_WARN_NON_LITERAL_NULL_CONVERSION = YES;
				CLANG_WARN_OBJC_IMPLICIT_RETAIN_SELF = YES;
				CLANG_WARN_OBJC_LITERAL_CONVERSION = YES;
				CLANG_WARN_OBJC_ROOT_CLASS = YES_ERROR;
				CLANG_WARN_QUOTED_INCLUDE_IN_FRAMEWORK_HEADER = YES;
				CLANG_WARN_RANGE_LOOP_ANALYSIS = YES;
				CLANG_WARN_STRICT_PROTOTYPES = YES;
				CLANG_WARN_SUSPICIOUS_MOVE = YES;
				CLANG_WARN_UNGUARDED_AVAILABILITY = YES_AGGRESSIVE;
				CLANG_WARN_UNREACHABLE_CODE = YES;
				CLANG_WARN__DUPLICATE_METHOD_MATCH = YES;
				COPY_PHASE_STRIP = NO;
				DEBUG_INFORMATION_FORMAT = "dwarf-with-dsym";
				ENABLE_NS_ASSERTIONS = NO;
				ENABLE_STRICT_OBJC_MSGSEND = YES;
				GCC_C_LANGUAGE_STANDARD = gnu11;
				GCC_NO_COMMON_BLOCKS = YES;
				GCC_WARN_64_TO_32_BIT_CONVERSION = YES;
				GCC_WARN_ABOUT_RETURN_TYPE = YES_ERROR;
				GCC_WARN_UNDECLARED_SELECTOR = YES;
				GCC_WARN_UNINITIALIZED_AUTOS = YES_AGGRESSIVE;
				GCC_WARN_UNUSED_FUNCTION = YES;
				GCC_WARN_UNUSED_VARIABLE = YES;
				IPHONEOS_DEPLOYMENT_TARGET = 13.0;
				MTL_ENABLE_DEBUG_INFO = NO;
				MTL_FAST_MATH = YES;
				SDKROOT = iphoneos;
				SWIFT_COMPILATION_MODE = wholemodule;
				SWIFT_OPTIMIZATION_LEVEL = "-O";
				VALIDATE_PRODUCT = YES;
			};
			name = Release;
		};
		D593294F28FFD4D600A1379F /* Debug */ = {
			isa = XCBuildConfiguration;
			buildSettings = {
				ASSETCATALOG_COMPILER_APPICON_NAME = AppIcon;
				ASSETCATALOG_COMPILER_GLOBAL_ACCENT_COLOR_NAME = AccentColor;
				CODE_SIGN_STYLE = Automatic;
				CURRENT_PROJECT_VERSION = 1;
				DEVELOPMENT_TEAM = DNW46HQPWS;
				GENERATE_INFOPLIST_FILE = YES;
				INFOPLIST_FILE = "NBK-Test-News/Info.plist";
				INFOPLIST_KEY_CFBundleDisplayName = "UZB News";
				INFOPLIST_KEY_LSApplicationCategoryType = "public.app-category.news";
				INFOPLIST_KEY_UIApplicationSupportsIndirectInputEvents = YES;
				INFOPLIST_KEY_UILaunchStoryboardName = LaunchScreen;
				INFOPLIST_KEY_UIMainStoryboardFile = Home;
				INFOPLIST_KEY_UIStatusBarStyle = "";
				INFOPLIST_KEY_UISupportedInterfaceOrientations = UIInterfaceOrientationPortrait;
				INFOPLIST_KEY_UISupportedInterfaceOrientations_iPad = "UIInterfaceOrientationLandscapeLeft UIInterfaceOrientationLandscapeRight UIInterfaceOrientationPortrait UIInterfaceOrientationPortraitUpsideDown";
				LD_RUNPATH_SEARCH_PATHS = (
					"$(inherited)",
					"@executable_path/Frameworks",
				);
				MARKETING_VERSION = 1.0.0;
				PRODUCT_BUNDLE_IDENTIFIER = "com.key.NBK-Test-News";
				PRODUCT_NAME = "$(TARGET_NAME)";
				SUPPORTED_PLATFORMS = "iphoneos iphonesimulator";
				SUPPORTS_MACCATALYST = NO;
				SUPPORTS_MAC_DESIGNED_FOR_IPHONE_IPAD = NO;
				SWIFT_EMIT_LOC_STRINGS = YES;
				SWIFT_VERSION = 5.0;
				TARGETED_DEVICE_FAMILY = 1;
			};
			name = Debug;
		};
		D593295028FFD4D600A1379F /* Release */ = {
			isa = XCBuildConfiguration;
			buildSettings = {
				ASSETCATALOG_COMPILER_APPICON_NAME = AppIcon;
				ASSETCATALOG_COMPILER_GLOBAL_ACCENT_COLOR_NAME = AccentColor;
				CODE_SIGN_STYLE = Automatic;
				CURRENT_PROJECT_VERSION = 1;
				DEVELOPMENT_TEAM = DNW46HQPWS;
				GENERATE_INFOPLIST_FILE = YES;
				INFOPLIST_FILE = "NBK-Test-News/Info.plist";
				INFOPLIST_KEY_CFBundleDisplayName = "UZB News";
				INFOPLIST_KEY_LSApplicationCategoryType = "public.app-category.news";
				INFOPLIST_KEY_UIApplicationSupportsIndirectInputEvents = YES;
				INFOPLIST_KEY_UILaunchStoryboardName = LaunchScreen;
				INFOPLIST_KEY_UIMainStoryboardFile = Home;
				INFOPLIST_KEY_UIStatusBarStyle = "";
				INFOPLIST_KEY_UISupportedInterfaceOrientations = UIInterfaceOrientationPortrait;
				INFOPLIST_KEY_UISupportedInterfaceOrientations_iPad = "UIInterfaceOrientationLandscapeLeft UIInterfaceOrientationLandscapeRight UIInterfaceOrientationPortrait UIInterfaceOrientationPortraitUpsideDown";
				LD_RUNPATH_SEARCH_PATHS = (
					"$(inherited)",
					"@executable_path/Frameworks",
				);
				MARKETING_VERSION = 1.0.0;
				PRODUCT_BUNDLE_IDENTIFIER = "com.key.NBK-Test-News";
				PRODUCT_NAME = "$(TARGET_NAME)";
				SUPPORTED_PLATFORMS = "iphoneos iphonesimulator";
				SUPPORTS_MACCATALYST = NO;
				SUPPORTS_MAC_DESIGNED_FOR_IPHONE_IPAD = NO;
				SWIFT_EMIT_LOC_STRINGS = YES;
				SWIFT_VERSION = 5.0;
				TARGETED_DEVICE_FAMILY = 1;
			};
			name = Release;
		};
		D593295228FFD4D600A1379F /* Debug */ = {
			isa = XCBuildConfiguration;
			buildSettings = {
				ALWAYS_EMBED_SWIFT_STANDARD_LIBRARIES = YES;
				BUNDLE_LOADER = "$(TEST_HOST)";
				CODE_SIGN_STYLE = Automatic;
				CURRENT_PROJECT_VERSION = 1;
				DEVELOPMENT_TEAM = DNW46HQPWS;
				GENERATE_INFOPLIST_FILE = YES;
				IPHONEOS_DEPLOYMENT_TARGET = 16.0;
				MARKETING_VERSION = 1.0;
				PRODUCT_BUNDLE_IDENTIFIER = "com.key.NBK-Test-NewsTests";
				PRODUCT_NAME = "$(TARGET_NAME)";
				SWIFT_EMIT_LOC_STRINGS = NO;
				SWIFT_VERSION = 5.0;
				TARGETED_DEVICE_FAMILY = "1,2";
				TEST_HOST = "$(BUILT_PRODUCTS_DIR)/NBK-Test-News.app/$(BUNDLE_EXECUTABLE_FOLDER_PATH)/NBK-Test-News";
			};
			name = Debug;
		};
		D593295328FFD4D600A1379F /* Release */ = {
			isa = XCBuildConfiguration;
			buildSettings = {
				ALWAYS_EMBED_SWIFT_STANDARD_LIBRARIES = YES;
				BUNDLE_LOADER = "$(TEST_HOST)";
				CODE_SIGN_STYLE = Automatic;
				CURRENT_PROJECT_VERSION = 1;
				DEVELOPMENT_TEAM = DNW46HQPWS;
				GENERATE_INFOPLIST_FILE = YES;
				IPHONEOS_DEPLOYMENT_TARGET = 16.0;
				MARKETING_VERSION = 1.0;
				PRODUCT_BUNDLE_IDENTIFIER = "com.key.NBK-Test-NewsTests";
				PRODUCT_NAME = "$(TARGET_NAME)";
				SWIFT_EMIT_LOC_STRINGS = NO;
				SWIFT_VERSION = 5.0;
				TARGETED_DEVICE_FAMILY = "1,2";
				TEST_HOST = "$(BUILT_PRODUCTS_DIR)/NBK-Test-News.app/$(BUNDLE_EXECUTABLE_FOLDER_PATH)/NBK-Test-News";
			};
			name = Release;
		};
		D593295528FFD4D600A1379F /* Debug */ = {
			isa = XCBuildConfiguration;
			buildSettings = {
				ALWAYS_EMBED_SWIFT_STANDARD_LIBRARIES = YES;
				CODE_SIGN_STYLE = Automatic;
				CURRENT_PROJECT_VERSION = 1;
				DEVELOPMENT_TEAM = DNW46HQPWS;
				GENERATE_INFOPLIST_FILE = YES;
				MARKETING_VERSION = 1.0;
				PRODUCT_BUNDLE_IDENTIFIER = "com.key.NBK-Test-NewsUITests";
				PRODUCT_NAME = "$(TARGET_NAME)";
				SWIFT_EMIT_LOC_STRINGS = NO;
				SWIFT_VERSION = 5.0;
				TARGETED_DEVICE_FAMILY = "1,2";
				TEST_TARGET_NAME = "NBK-Test-News";
			};
			name = Debug;
		};
		D593295628FFD4D600A1379F /* Release */ = {
			isa = XCBuildConfiguration;
			buildSettings = {
				ALWAYS_EMBED_SWIFT_STANDARD_LIBRARIES = YES;
				CODE_SIGN_STYLE = Automatic;
				CURRENT_PROJECT_VERSION = 1;
				DEVELOPMENT_TEAM = DNW46HQPWS;
				GENERATE_INFOPLIST_FILE = YES;
				MARKETING_VERSION = 1.0;
				PRODUCT_BUNDLE_IDENTIFIER = "com.key.NBK-Test-NewsUITests";
				PRODUCT_NAME = "$(TARGET_NAME)";
				SWIFT_EMIT_LOC_STRINGS = NO;
				SWIFT_VERSION = 5.0;
				TARGETED_DEVICE_FAMILY = "1,2";
				TEST_TARGET_NAME = "NBK-Test-News";
			};
			name = Release;
		};
/* End XCBuildConfiguration section */

/* Begin XCConfigurationList section */
		D593291F28FFD4D300A1379F /* Build configuration list for PBXProject "NBK-Test-News" */ = {
			isa = XCConfigurationList;
			buildConfigurations = (
				D593294C28FFD4D600A1379F /* Debug */,
				D593294D28FFD4D600A1379F /* Release */,
			);
			defaultConfigurationIsVisible = 0;
			defaultConfigurationName = Release;
		};
		D593294E28FFD4D600A1379F /* Build configuration list for PBXNativeTarget "NBK-Test-News" */ = {
			isa = XCConfigurationList;
			buildConfigurations = (
				D593294F28FFD4D600A1379F /* Debug */,
				D593295028FFD4D600A1379F /* Release */,
			);
			defaultConfigurationIsVisible = 0;
			defaultConfigurationName = Release;
		};
		D593295128FFD4D600A1379F /* Build configuration list for PBXNativeTarget "NBK-Test-NewsTests" */ = {
			isa = XCConfigurationList;
			buildConfigurations = (
				D593295228FFD4D600A1379F /* Debug */,
				D593295328FFD4D600A1379F /* Release */,
			);
			defaultConfigurationIsVisible = 0;
			defaultConfigurationName = Release;
		};
		D593295428FFD4D600A1379F /* Build configuration list for PBXNativeTarget "NBK-Test-NewsUITests" */ = {
			isa = XCConfigurationList;
			buildConfigurations = (
				D593295528FFD4D600A1379F /* Debug */,
				D593295628FFD4D600A1379F /* Release */,
			);
			defaultConfigurationIsVisible = 0;
			defaultConfigurationName = Release;
		};
/* End XCConfigurationList section */

/* Begin XCRemoteSwiftPackageReference section */
		D593297A290030AA00A1379F /* XCRemoteSwiftPackageReference "Nuke" */ = {
			isa = XCRemoteSwiftPackageReference;
			repositoryURL = "https://github.com/kean/Nuke";
			requirement = {
				kind = upToNextMajorVersion;
				minimumVersion = 11.0.0;
			};
		};
/* End XCRemoteSwiftPackageReference section */

/* Begin XCSwiftPackageProductDependency section */
		D593295A28FFFF0C00A1379F /* NewsNetwork */ = {
			isa = XCSwiftPackageProductDependency;
			productName = NewsNetwork;
		};
		D593297B290030AA00A1379F /* Nuke */ = {
			isa = XCSwiftPackageProductDependency;
			package = D593297A290030AA00A1379F /* XCRemoteSwiftPackageReference "Nuke" */;
			productName = Nuke;
		};
		D593297D290030AA00A1379F /* NukeExtensions */ = {
			isa = XCSwiftPackageProductDependency;
			package = D593297A290030AA00A1379F /* XCRemoteSwiftPackageReference "Nuke" */;
			productName = NukeExtensions;
		};
		D593297F290030AA00A1379F /* NukeUI */ = {
			isa = XCSwiftPackageProductDependency;
			package = D593297A290030AA00A1379F /* XCRemoteSwiftPackageReference "Nuke" */;
			productName = NukeUI;
		};
/* End XCSwiftPackageProductDependency section */
	};
	rootObject = D593291C28FFD4D300A1379F /* Project object */;
}
